
Microsoft Visual Studio Solution File, Format Version 12.00
# Visual Studio Version 17
VisualStudioVersion = 17.9.34723.18
MinimumVisualStudioVersion = 10.0.40219.1
Project("{FAE04EC0-301F-11D3-BF4B-00C04F79EFBC}") = "AdviceSlip", "AdviceSlip\AdviceSlip.csproj", "{F423477A-9944-4F4F-BCC4-77221D7F8001}"
EndProject
Global
	GlobalSection(SolutionConfigurationPlatforms) = preSolution
		Debug|Any CPU = Debug|Any CPU
		Release|Any CPU = Release|Any CPU
	EndGlobalSection
	GlobalSection(ProjectConfigurationPlatforms) = postSolution
		{F423477A-9944-4F4F-BCC4-77221D7F8001}.Debug|Any CPU.ActiveCfg = Debug|Any CPU
		{F423477A-9944-4F4F-BCC4-77221D7F8001}.Debug|Any CPU.Build.0 = Debug|Any CPU
		{F423477A-9944-4F4F-BCC4-77221D7F8001}.Debug|Any CPU.Deploy.0 = Debug|Any CPU
		{F423477A-9944-4F4F-BCC4-77221D7F8001}.Release|Any CPU.ActiveCfg = Release|Any CPU
		{F423477A-9944-4F4F-BCC4-77221D7F8001}.Release|Any CPU.Build.0 = Release|Any CPU
		{F423477A-9944-4F4F-BCC4-77221D7F8001}.Release|Any CPU.Deploy.0 = Release|Any CPU
	EndGlobalSection
	GlobalSection(SolutionProperties) = preSolution
		HideSolutionNode = FALSE
	EndGlobalSection
	GlobalSection(ExtensibilityGlobals) = postSolution
		SolutionGuid = {EE216DA7-1560-4446-9672-CD6E9D83B3FD}
	EndGlobalSection
EndGlobal
